
Microsoft Visual Studio Solution File, Format Version 12.00
# Visual Studio Version 16
VisualStudioVersion = 16.0.31025.194
MinimumVisualStudioVersion = 10.0.40219.1
Project("{FAE04EC0-301F-11D3-BF4B-00C04F79EFBC}") = "DartAgenda.Api", "DartAgenda.Api\DartAgenda.Api.csproj", "{C557D4C8-DA8A-4DCA-95B3-39D3C45F3572}"
EndProject
Project("{FAE04EC0-301F-11D3-BF4B-00C04F79EFBC}") = "DartAgenda.Business", "DartAgenda.Business\DartAgenda.Business.csproj", "{4AD3042F-4C3D-41B6-9900-BBAF04C54B1D}"
EndProject
Project("{FAE04EC0-301F-11D3-BF4B-00C04F79EFBC}") = "DartAgenda.Infra", "DartAgenda.Infra\DartAgenda.Infra.csproj", "{B9A8483D-83B3-49D6-8647-6428B01B14A8}"
EndProject
Project("{FAE04EC0-301F-11D3-BF4B-00C04F79EFBC}") = "DartAgenda.Domain", "DartAgenda.Domain\DartAgenda.Domain.csproj", "{A9BFCCDC-F6E8-4E40-9148-4D3B808FC5F9}"
EndProject
Project("{FAE04EC0-301F-11D3-BF4B-00C04F79EFBC}") = "DarAgenda.Utils", "DarAgenda.Utils\DarAgenda.Utils.csproj", "{B8D19E04-0BE3-4B3A-BABA-8323EFF6FF5E}"
EndProject
Global
	GlobalSection(SolutionConfigurationPlatforms) = preSolution
		Debug|Any CPU = Debug|Any CPU
		Release|Any CPU = Release|Any CPU
	EndGlobalSection
	GlobalSection(ProjectConfigurationPlatforms) = postSolution
		{C557D4C8-DA8A-4DCA-95B3-39D3C45F3572}.Debug|Any CPU.ActiveCfg = Debug|Any CPU
		{C557D4C8-DA8A-4DCA-95B3-39D3C45F3572}.Debug|Any CPU.Build.0 = Debug|Any CPU
		{C557D4C8-DA8A-4DCA-95B3-39D3C45F3572}.Release|Any CPU.ActiveCfg = Release|Any CPU
		{C557D4C8-DA8A-4DCA-95B3-39D3C45F3572}.Release|Any CPU.Build.0 = Release|Any CPU
		{4AD3042F-4C3D-41B6-9900-BBAF04C54B1D}.Debug|Any CPU.ActiveCfg = Debug|Any CPU
		{4AD3042F-4C3D-41B6-9900-BBAF04C54B1D}.Debug|Any CPU.Build.0 = Debug|Any CPU
		{4AD3042F-4C3D-41B6-9900-BBAF04C54B1D}.Release|Any CPU.ActiveCfg = Release|Any CPU
		{4AD3042F-4C3D-41B6-9900-BBAF04C54B1D}.Release|Any CPU.Build.0 = Release|Any CPU
		{B9A8483D-83B3-49D6-8647-6428B01B14A8}.Debug|Any CPU.ActiveCfg = Debug|Any CPU
		{B9A8483D-83B3-49D6-8647-6428B01B14A8}.Debug|Any CPU.Build.0 = Debug|Any CPU
		{B9A8483D-83B3-49D6-8647-6428B01B14A8}.Release|Any CPU.ActiveCfg = Release|Any CPU
		{B9A8483D-83B3-49D6-8647-6428B01B14A8}.Release|Any CPU.Build.0 = Release|Any CPU
		{A9BFCCDC-F6E8-4E40-9148-4D3B808FC5F9}.Debug|Any CPU.ActiveCfg = Debug|Any CPU
		{A9BFCCDC-F6E8-4E40-9148-4D3B808FC5F9}.Debug|Any CPU.Build.0 = Debug|Any CPU
		{A9BFCCDC-F6E8-4E40-9148-4D3B808FC5F9}.Release|Any CPU.ActiveCfg = Release|Any CPU
		{A9BFCCDC-F6E8-4E40-9148-4D3B808FC5F9}.Release|Any CPU.Build.0 = Release|Any CPU
		{B8D19E04-0BE3-4B3A-BABA-8323EFF6FF5E}.Debug|Any CPU.ActiveCfg = Debug|Any CPU
		{B8D19E04-0BE3-4B3A-BABA-8323EFF6FF5E}.Debug|Any CPU.Build.0 = Debug|Any CPU
		{B8D19E04-0BE3-4B3A-BABA-8323EFF6FF5E}.Release|Any CPU.ActiveCfg = Release|Any CPU
		{B8D19E04-0BE3-4B3A-BABA-8323EFF6FF5E}.Release|Any CPU.Build.0 = Release|Any CPU
	EndGlobalSection
	GlobalSection(SolutionProperties) = preSolution
		HideSolutionNode = FALSE
	EndGlobalSection
	GlobalSection(ExtensibilityGlobals) = postSolution
		SolutionGuid = {4C6B6491-E8E3-4FC7-81C6-CC4689D95BE7}
	EndGlobalSection
EndGlobal
